
Microsoft Visual Studio Solution File, Format Version 12.00
# Visual Studio 15
VisualStudioVersion = 15.0.27512.0
MinimumVisualStudioVersion = 10.0.40219.1
Project("{9A19103F-16F7-4668-BE54-9A1E7A4F7556}") = "Qweex.Unions", "src\Qweex.Unions\Qweex.Unions.csproj", "{022EE374-6600-4333-A748-D5C5B2AAB7BF}"
EndProject
Project("{9A19103F-16F7-4668-BE54-9A1E7A4F7556}") = "Qweex.Unions.Tests", "test\Qweex.Unions.Tests\Qweex.Unions.Tests.csproj", "{F3324F06-275A-4D5A-90AF-8C99555E6998}"
EndProject
Global
	GlobalSection(SolutionConfigurationPlatforms) = preSolution
		Debug|Any CPU = Debug|Any CPU
		Release|Any CPU = Release|Any CPU
	EndGlobalSection
	GlobalSection(ProjectConfigurationPlatforms) = postSolution
		{022EE374-6600-4333-A748-D5C5B2AAB7BF}.Debug|Any CPU.ActiveCfg = Debug|Any CPU
		{022EE374-6600-4333-A748-D5C5B2AAB7BF}.Debug|Any CPU.Build.0 = Debug|Any CPU
		{022EE374-6600-4333-A748-D5C5B2AAB7BF}.Release|Any CPU.ActiveCfg = Release|Any CPU
		{022EE374-6600-4333-A748-D5C5B2AAB7BF}.Release|Any CPU.Build.0 = Release|Any CPU
		{F3324F06-275A-4D5A-90AF-8C99555E6998}.Debug|Any CPU.ActiveCfg = Debug|Any CPU
		{F3324F06-275A-4D5A-90AF-8C99555E6998}.Debug|Any CPU.Build.0 = Debug|Any CPU
		{F3324F06-275A-4D5A-90AF-8C99555E6998}.Release|Any CPU.ActiveCfg = Release|Any CPU
		{F3324F06-275A-4D5A-90AF-8C99555E6998}.Release|Any CPU.Build.0 = Release|Any CPU
	EndGlobalSection
	GlobalSection(SolutionProperties) = preSolution
		HideSolutionNode = FALSE
	EndGlobalSection
	GlobalSection(ExtensibilityGlobals) = postSolution
		SolutionGuid = {7FF5DC87-6372-4A7B-AEE1-5E1C946AEC6C}
	EndGlobalSection
EndGlobal
