
Microsoft Visual Studio Solution File, Format Version 12.00
# Visual Studio 15
VisualStudioVersion = 15.0.27512.0
MinimumVisualStudioVersion = 10.0.40219.1
Project("{9A19103F-16F7-4668-BE54-9A1E7A4F7556}") = "Unions.Tests", "Unions.Tests\Unions.Tests.csproj", "{2B79FD72-1F4F-43B1-8AB9-046060450227}"
EndProject
Project("{9A19103F-16F7-4668-BE54-9A1E7A4F7556}") = "Unions.NET", "Unions.NET\Unions.NET.csproj", "{6B69A338-1676-4E8B-A9B8-AA491D1E5099}"
EndProject
Global
	GlobalSection(SolutionConfigurationPlatforms) = preSolution
		Debug|Any CPU = Debug|Any CPU
		Release|Any CPU = Release|Any CPU
	EndGlobalSection
	GlobalSection(ProjectConfigurationPlatforms) = postSolution
		{2B79FD72-1F4F-43B1-8AB9-046060450227}.Debug|Any CPU.ActiveCfg = Debug|Any CPU
		{2B79FD72-1F4F-43B1-8AB9-046060450227}.Debug|Any CPU.Build.0 = Debug|Any CPU
		{2B79FD72-1F4F-43B1-8AB9-046060450227}.Release|Any CPU.ActiveCfg = Release|Any CPU
		{2B79FD72-1F4F-43B1-8AB9-046060450227}.Release|Any CPU.Build.0 = Release|Any CPU
		{6B69A338-1676-4E8B-A9B8-AA491D1E5099}.Debug|Any CPU.ActiveCfg = Debug|Any CPU
		{6B69A338-1676-4E8B-A9B8-AA491D1E5099}.Debug|Any CPU.Build.0 = Debug|Any CPU
		{6B69A338-1676-4E8B-A9B8-AA491D1E5099}.Release|Any CPU.ActiveCfg = Release|Any CPU
		{6B69A338-1676-4E8B-A9B8-AA491D1E5099}.Release|Any CPU.Build.0 = Release|Any CPU
	EndGlobalSection
	GlobalSection(SolutionProperties) = preSolution
		HideSolutionNode = FALSE
	EndGlobalSection
	GlobalSection(ExtensibilityGlobals) = postSolution
		SolutionGuid = {7FF5DC87-6372-4A7B-AEE1-5E1C946AEC6C}
	EndGlobalSection
EndGlobal
